// !$*UTF8*$!
{
	archiveVersion = 1;
	classes = {
	};
	objectVersion = 55;
	objects = {

/* Begin PBXBuildFile section */
		860577F52765F34D00BE6279 /* Problem10_3.swift in Sources */ = {isa = PBXBuildFile; fileRef = 860577F42765F34D00BE6279 /* Problem10_3.swift */; };
		860577F72765FC9C00BE6279 /* Problem10_4.swift in Sources */ = {isa = PBXBuildFile; fileRef = 860577F62765FC9C00BE6279 /* Problem10_4.swift */; };
		862754A42767283000EAA1A6 /* Problem1.swift in Sources */ = {isa = PBXBuildFile; fileRef = 862754A32767283000EAA1A6 /* Problem1.swift */; };
		862EF02B2764FB670073246B /* main.swift in Sources */ = {isa = PBXBuildFile; fileRef = 862EF02A2764FB670073246B /* main.swift */; };
		8651520F2773290A00EAC4F9 /* Problem10_1.swift in Sources */ = {isa = PBXBuildFile; fileRef = 8651520E2773290A00EAC4F9 /* Problem10_1.swift */; };
		865152112773481B00EAC4F9 /* Problem10_2.swift in Sources */ = {isa = PBXBuildFile; fileRef = 865152102773481B00EAC4F9 /* Problem10_2.swift */; };
		865A59BA2769CD13007893C5 /* Problem7.swift in Sources */ = {isa = PBXBuildFile; fileRef = 865A59B92769CD13007893C5 /* Problem7.swift */; };
		865A59BC2769E61B007893C5 /* Problem8.swift in Sources */ = {isa = PBXBuildFile; fileRef = 865A59BB2769E61B007893C5 /* Problem8.swift */; };
		8697C3872765028000F71AF1 /* Problem2.swift in Sources */ = {isa = PBXBuildFile; fileRef = 8697C3862765028000F71AF1 /* Problem2.swift */; };
		8697C38C27650D6000F71AF1 /* Problem3.swift in Sources */ = {isa = PBXBuildFile; fileRef = 8697C38B27650D6000F71AF1 /* Problem3.swift */; };
		8697C38E276514C800F71AF1 /* HelpFuncs.swift in Sources */ = {isa = PBXBuildFile; fileRef = 8697C38D276514C800F71AF1 /* HelpFuncs.swift */; };
		8697C39027651A8E00F71AF1 /* Problem4.swift in Sources */ = {isa = PBXBuildFile; fileRef = 8697C38F27651A8E00F71AF1 /* Problem4.swift */; };
		8697C392276550A200F71AF1 /* Problem5.swift in Sources */ = {isa = PBXBuildFile; fileRef = 8697C391276550A200F71AF1 /* Problem5.swift */; };
		8697C3942765555C00F71AF1 /* Problem6.swift in Sources */ = {isa = PBXBuildFile; fileRef = 8697C3932765555C00F71AF1 /* Problem6.swift */; };
		86B3A200276B35E300448CCF /* Problem11.swift in Sources */ = {isa = PBXBuildFile; fileRef = 86B3A1FF276B35E300448CCF /* Problem11.swift */; };
		86B3A202276B36DA00448CCF /* Problem12.swift in Sources */ = {isa = PBXBuildFile; fileRef = 86B3A201276B36DA00448CCF /* Problem12.swift */; };
		86B3A204276B40AA00448CCF /* Problem9.swift in Sources */ = {isa = PBXBuildFile; fileRef = 86B3A203276B40AA00448CCF /* Problem9.swift */; };
		86CC9A24276BB4D6000F29C8 /* Problem10.swift in Sources */ = {isa = PBXBuildFile; fileRef = 86CC9A23276BB4D6000F29C8 /* Problem10.swift */; };
		86DC154327664DC0008715E9 /* Problem10_5.swift in Sources */ = {isa = PBXBuildFile; fileRef = 86DC154227664DC0008715E9 /* Problem10_5.swift */; };
		86E9AD592779527200BA9C3A /* IZ9_1_2.swift in Sources */ = {isa = PBXBuildFile; fileRef = 86E9AD582779527200BA9C3A /* IZ9_1_2.swift */; };
		86E9AD5B2779619300BA9C3A /* IZ9_1_4.swift in Sources */ = {isa = PBXBuildFile; fileRef = 86E9AD5A2779619300BA9C3A /* IZ9_1_4.swift */; };
/* End PBXBuildFile section */

/* Begin PBXCopyFilesBuildPhase section */
		862EF0252764FB670073246B /* CopyFiles */ = {
			isa = PBXCopyFilesBuildPhase;
			buildActionMask = 2147483647;
			dstPath = /usr/share/man/man1/;
			dstSubfolderSpec = 0;
			files = (
			);
			runOnlyForDeploymentPostprocessing = 1;
		};
/* End PBXCopyFilesBuildPhase section */

/* Begin PBXFileReference section */
		860577F42765F34D00BE6279 /* Problem10_3.swift */ = {isa = PBXFileReference; lastKnownFileType = sourcecode.swift; path = Problem10_3.swift; sourceTree = "<group>"; };
		860577F62765FC9C00BE6279 /* Problem10_4.swift */ = {isa = PBXFileReference; lastKnownFileType = sourcecode.swift; path = Problem10_4.swift; sourceTree = "<group>"; };
		862754A32767283000EAA1A6 /* Problem1.swift */ = {isa = PBXFileReference; lastKnownFileType = sourcecode.swift; path = Problem1.swift; sourceTree = "<group>"; };
		862EF0272764FB670073246B /* DDZ */ = {isa = PBXFileReference; explicitFileType = "compiled.mach-o.executable"; includeInIndex = 0; path = DDZ; sourceTree = BUILT_PRODUCTS_DIR; };
		862EF02A2764FB670073246B /* main.swift */ = {isa = PBXFileReference; lastKnownFileType = sourcecode.swift; path = main.swift; sourceTree = "<group>"; };
		8651520E2773290A00EAC4F9 /* Problem10_1.swift */ = {isa = PBXFileReference; lastKnownFileType = sourcecode.swift; path = Problem10_1.swift; sourceTree = "<group>"; };
		865152102773481B00EAC4F9 /* Problem10_2.swift */ = {isa = PBXFileReference; lastKnownFileType = sourcecode.swift; path = Problem10_2.swift; sourceTree = "<group>"; };
		865A59B92769CD13007893C5 /* Problem7.swift */ = {isa = PBXFileReference; lastKnownFileType = sourcecode.swift; path = Problem7.swift; sourceTree = "<group>"; };
		865A59BB2769E61B007893C5 /* Problem8.swift */ = {isa = PBXFileReference; lastKnownFileType = sourcecode.swift; path = Problem8.swift; sourceTree = "<group>"; };
		8697C3862765028000F71AF1 /* Problem2.swift */ = {isa = PBXFileReference; lastKnownFileType = sourcecode.swift; path = Problem2.swift; sourceTree = "<group>"; };
		8697C3882765048F00F71AF1 /* DDZ.entitlements */ = {isa = PBXFileReference; lastKnownFileType = text.plist.entitlements; path = DDZ.entitlements; sourceTree = "<group>"; };
		8697C38B27650D6000F71AF1 /* Problem3.swift */ = {isa = PBXFileReference; lastKnownFileType = sourcecode.swift; path = Problem3.swift; sourceTree = "<group>"; };
		8697C38D276514C800F71AF1 /* HelpFuncs.swift */ = {isa = PBXFileReference; lastKnownFileType = sourcecode.swift; path = HelpFuncs.swift; sourceTree = "<group>"; };
		8697C38F27651A8E00F71AF1 /* Problem4.swift */ = {isa = PBXFileReference; lastKnownFileType = sourcecode.swift; path = Problem4.swift; sourceTree = "<group>"; };
		8697C391276550A200F71AF1 /* Problem5.swift */ = {isa = PBXFileReference; lastKnownFileType = sourcecode.swift; path = Problem5.swift; sourceTree = "<group>"; };
		8697C3932765555C00F71AF1 /* Problem6.swift */ = {isa = PBXFileReference; lastKnownFileType = sourcecode.swift; path = Problem6.swift; sourceTree = "<group>"; };
		86B3A1FF276B35E300448CCF /* Problem11.swift */ = {isa = PBXFileReference; lastKnownFileType = sourcecode.swift; path = Problem11.swift; sourceTree = "<group>"; };
		86B3A201276B36DA00448CCF /* Problem12.swift */ = {isa = PBXFileReference; lastKnownFileType = sourcecode.swift; path = Problem12.swift; sourceTree = "<group>"; };
		86B3A203276B40AA00448CCF /* Problem9.swift */ = {isa = PBXFileReference; lastKnownFileType = sourcecode.swift; path = Problem9.swift; sourceTree = "<group>"; };
		86CC9A23276BB4D6000F29C8 /* Problem10.swift */ = {isa = PBXFileReference; lastKnownFileType = sourcecode.swift; path = Problem10.swift; sourceTree = "<group>"; };
		86DC154227664DC0008715E9 /* Problem10_5.swift */ = {isa = PBXFileReference; lastKnownFileType = sourcecode.swift; path = Problem10_5.swift; sourceTree = "<group>"; };
		86E9AD582779527200BA9C3A /* IZ9_1_2.swift */ = {isa = PBXFileReference; lastKnownFileType = sourcecode.swift; path = IZ9_1_2.swift; sourceTree = "<group>"; };
		86E9AD5A2779619300BA9C3A /* IZ9_1_4.swift */ = {isa = PBXFileReference; lastKnownFileType = sourcecode.swift; path = IZ9_1_4.swift; sourceTree = "<group>"; };
/* End PBXFileReference section */

/* Begin PBXFrameworksBuildPhase section */
		862EF0242764FB670073246B /* Frameworks */ = {
			isa = PBXFrameworksBuildPhase;
			buildActionMask = 2147483647;
			files = (
			);
			runOnlyForDeploymentPostprocessing = 0;
		};
/* End PBXFrameworksBuildPhase section */

/* Begin PBXGroup section */
		860577F12765F31400BE6279 /* IZ10 */ = {
			isa = PBXGroup;
			children = (
				8651520E2773290A00EAC4F9 /* Problem10_1.swift */,
				865152102773481B00EAC4F9 /* Problem10_2.swift */,
				860577F42765F34D00BE6279 /* Problem10_3.swift */,
				860577F62765FC9C00BE6279 /* Problem10_4.swift */,
				86DC154227664DC0008715E9 /* Problem10_5.swift */,
			);
			path = IZ10;
			sourceTree = "<group>";
		};
		862EF01E2764FB670073246B = {
			isa = PBXGroup;
			children = (
				862EF0292764FB670073246B /* DDZ */,
				862EF0282764FB670073246B /* Products */,
			);
			sourceTree = "<group>";
		};
		862EF0282764FB670073246B /* Products */ = {
			isa = PBXGroup;
			children = (
				862EF0272764FB670073246B /* DDZ */,
			);
			name = Products;
			sourceTree = "<group>";
		};
		862EF0292764FB670073246B /* DDZ */ = {
			isa = PBXGroup;
			children = (
				86E9AD572779525F00BA9C3A /* IZ9 */,
				862EF02A2764FB670073246B /* main.swift */,
				860577F12765F31400BE6279 /* IZ10 */,
				8697C3882765048F00F71AF1 /* DDZ.entitlements */,
				8697C38D276514C800F71AF1 /* HelpFuncs.swift */,
				862754A32767283000EAA1A6 /* Problem1.swift */,
				8697C3862765028000F71AF1 /* Problem2.swift */,
				8697C38B27650D6000F71AF1 /* Problem3.swift */,
				8697C38F27651A8E00F71AF1 /* Problem4.swift */,
				8697C391276550A200F71AF1 /* Problem5.swift */,
				8697C3932765555C00F71AF1 /* Problem6.swift */,
				865A59B92769CD13007893C5 /* Problem7.swift */,
				865A59BB2769E61B007893C5 /* Problem8.swift */,
				86B3A203276B40AA00448CCF /* Problem9.swift */,
				86CC9A23276BB4D6000F29C8 /* Problem10.swift */,
				86B3A1FF276B35E300448CCF /* Problem11.swift */,
				86B3A201276B36DA00448CCF /* Problem12.swift */,
			);
			path = DDZ;
			sourceTree = "<group>";
		};
		86E9AD572779525F00BA9C3A /* IZ9 */ = {
			isa = PBXGroup;
			children = (
				86E9AD582779527200BA9C3A /* IZ9_1_2.swift */,
				86E9AD5A2779619300BA9C3A /* IZ9_1_4.swift */,
			);
			path = IZ9;
			sourceTree = "<group>";
		};
/* End PBXGroup section */

/* Begin PBXNativeTarget section */
		862EF0262764FB670073246B /* DDZ */ = {
			isa = PBXNativeTarget;
			buildConfigurationList = 862EF02E2764FB670073246B /* Build configuration list for PBXNativeTarget "DDZ" */;
			buildPhases = (
				862EF0232764FB670073246B /* Sources */,
				862EF0242764FB670073246B /* Frameworks */,
				862EF0252764FB670073246B /* CopyFiles */,
			);
			buildRules = (
			);
			dependencies = (
			);
			name = DDZ;
			productName = DDZ;
			productReference = 862EF0272764FB670073246B /* DDZ */;
			productType = "com.apple.product-type.tool";
		};
/* End PBXNativeTarget section */

/* Begin PBXProject section */
		862EF01F2764FB670073246B /* Project object */ = {
			isa = PBXProject;
			attributes = {
				BuildIndependentTargetsInParallel = 1;
				LastSwiftUpdateCheck = 1310;
				LastUpgradeCheck = 1310;
				TargetAttributes = {
					862EF0262764FB670073246B = {
						CreatedOnToolsVersion = 13.1;
					};
				};
			};
			buildConfigurationList = 862EF0222764FB670073246B /* Build configuration list for PBXProject "DDZ" */;
			compatibilityVersion = "Xcode 13.0";
			developmentRegion = en;
			hasScannedForEncodings = 0;
			knownRegions = (
				en,
				Base,
			);
			mainGroup = 862EF01E2764FB670073246B;
			productRefGroup = 862EF0282764FB670073246B /* Products */;
			projectDirPath = "";
			projectRoot = "";
			targets = (
				862EF0262764FB670073246B /* DDZ */,
			);
		};
/* End PBXProject section */

/* Begin PBXSourcesBuildPhase section */
		862EF0232764FB670073246B /* Sources */ = {
			isa = PBXSourcesBuildPhase;
			buildActionMask = 2147483647;
			files = (
				86E9AD5B2779619300BA9C3A /* IZ9_1_4.swift in Sources */,
				865A59BC2769E61B007893C5 /* Problem8.swift in Sources */,
				8697C38C27650D6000F71AF1 /* Problem3.swift in Sources */,
				862754A42767283000EAA1A6 /* Problem1.swift in Sources */,
				86B3A204276B40AA00448CCF /* Problem9.swift in Sources */,
				8651520F2773290A00EAC4F9 /* Problem10_1.swift in Sources */,
				86B3A202276B36DA00448CCF /* Problem12.swift in Sources */,
				86CC9A24276BB4D6000F29C8 /* Problem10.swift in Sources */,
				8697C39027651A8E00F71AF1 /* Problem4.swift in Sources */,
				8697C3942765555C00F71AF1 /* Problem6.swift in Sources */,
				862EF02B2764FB670073246B /* main.swift in Sources */,
				86DC154327664DC0008715E9 /* Problem10_5.swift in Sources */,
				860577F72765FC9C00BE6279 /* Problem10_4.swift in Sources */,
				86E9AD592779527200BA9C3A /* IZ9_1_2.swift in Sources */,
				8697C392276550A200F71AF1 /* Problem5.swift in Sources */,
				8697C38E276514C800F71AF1 /* HelpFuncs.swift in Sources */,
				865A59BA2769CD13007893C5 /* Problem7.swift in Sources */,
				865152112773481B00EAC4F9 /* Problem10_2.swift in Sources */,
				860577F52765F34D00BE6279 /* Problem10_3.swift in Sources */,
				8697C3872765028000F71AF1 /* Problem2.swift in Sources */,
				86B3A200276B35E300448CCF /* Problem11.swift in Sources */,
			);
			runOnlyForDeploymentPostprocessing = 0;
		};
/* End PBXSourcesBuildPhase section */

/* Begin XCBuildConfiguration section */
		862EF02C2764FB670073246B /* Debug */ = {
			isa = XCBuildConfiguration;
			buildSettings = {
				ALWAYS_SEARCH_USER_PATHS = NO;
				CLANG_ANALYZER_NONNULL = YES;
				CLANG_ANALYZER_NUMBER_OBJECT_CONVERSION = YES_AGGRESSIVE;
				CLANG_CXX_LANGUAGE_STANDARD = "gnu++17";
				CLANG_CXX_LIBRARY = "libc++";
				CLANG_ENABLE_MODULES = YES;
				CLANG_ENABLE_OBJC_ARC = YES;
				CLANG_ENABLE_OBJC_WEAK = YES;
				CLANG_WARN_BLOCK_CAPTURE_AUTORELEASING = YES;
				CLANG_WARN_BOOL_CONVERSION = YES;
				CLANG_WARN_COMMA = YES;
				CLANG_WARN_CONSTANT_CONVERSION = YES;
				CLANG_WARN_DEPRECATED_OBJC_IMPLEMENTATIONS = YES;
				CLANG_WARN_DIRECT_OBJC_ISA_USAGE = YES_ERROR;
				CLANG_WARN_DOCUMENTATION_COMMENTS = YES;
				CLANG_WARN_EMPTY_BODY = YES;
				CLANG_WARN_ENUM_CONVERSION = YES;
				CLANG_WARN_INFINITE_RECURSION = YES;
				CLANG_WARN_INT_CONVERSION = YES;
				CLANG_WARN_NON_LITERAL_NULL_CONVERSION = YES;
				CLANG_WARN_OBJC_IMPLICIT_RETAIN_SELF = YES;
				CLANG_WARN_OBJC_LITERAL_CONVERSION = YES;
				CLANG_WARN_OBJC_ROOT_CLASS = YES_ERROR;
				CLANG_WARN_QUOTED_INCLUDE_IN_FRAMEWORK_HEADER = YES;
				CLANG_WARN_RANGE_LOOP_ANALYSIS = YES;
				CLANG_WARN_STRICT_PROTOTYPES = YES;
				CLANG_WARN_SUSPICIOUS_MOVE = YES;
				CLANG_WARN_UNGUARDED_AVAILABILITY = YES_AGGRESSIVE;
				CLANG_WARN_UNREACHABLE_CODE = YES;
				CLANG_WARN__DUPLICATE_METHOD_MATCH = YES;
				COPY_PHASE_STRIP = NO;
				DEBUG_INFORMATION_FORMAT = dwarf;
				ENABLE_STRICT_OBJC_MSGSEND = YES;
				ENABLE_TESTABILITY = YES;
				GCC_C_LANGUAGE_STANDARD = gnu11;
				GCC_DYNAMIC_NO_PIC = NO;
				GCC_NO_COMMON_BLOCKS = YES;
				GCC_OPTIMIZATION_LEVEL = 0;
				GCC_PREPROCESSOR_DEFINITIONS = (
					"DEBUG=1",
					"$(inherited)",
				);
				GCC_WARN_64_TO_32_BIT_CONVERSION = YES;
				GCC_WARN_ABOUT_RETURN_TYPE = YES_ERROR;
				GCC_WARN_UNDECLARED_SELECTOR = YES;
				GCC_WARN_UNINITIALIZED_AUTOS = YES_AGGRESSIVE;
				GCC_WARN_UNUSED_FUNCTION = YES;
				GCC_WARN_UNUSED_VARIABLE = YES;
				MACOSX_DEPLOYMENT_TARGET = 12.0;
				MTL_ENABLE_DEBUG_INFO = INCLUDE_SOURCE;
				MTL_FAST_MATH = YES;
				ONLY_ACTIVE_ARCH = YES;
				SDKROOT = macosx;
				SWIFT_ACTIVE_COMPILATION_CONDITIONS = DEBUG;
				SWIFT_OPTIMIZATION_LEVEL = "-Onone";
			};
			name = Debug;
		};
		862EF02D2764FB670073246B /* Release */ = {
			isa = XCBuildConfiguration;
			buildSettings = {
				ALWAYS_SEARCH_USER_PATHS = NO;
				CLANG_ANALYZER_NONNULL = YES;
				CLANG_ANALYZER_NUMBER_OBJECT_CONVERSION = YES_AGGRESSIVE;
				CLANG_CXX_LANGUAGE_STANDARD = "gnu++17";
				CLANG_CXX_LIBRARY = "libc++";
				CLANG_ENABLE_MODULES = YES;
				CLANG_ENABLE_OBJC_ARC = YES;
				CLANG_ENABLE_OBJC_WEAK = YES;
				CLANG_WARN_BLOCK_CAPTURE_AUTORELEASING = YES;
				CLANG_WARN_BOOL_CONVERSION = YES;
				CLANG_WARN_COMMA = YES;
				CLANG_WARN_CONSTANT_CONVERSION = YES;
				CLANG_WARN_DEPRECATED_OBJC_IMPLEMENTATIONS = YES;
				CLANG_WARN_DIRECT_OBJC_ISA_USAGE = YES_ERROR;
				CLANG_WARN_DOCUMENTATION_COMMENTS = YES;
				CLANG_WARN_EMPTY_BODY = YES;
				CLANG_WARN_ENUM_CONVERSION = YES;
				CLANG_WARN_INFINITE_RECURSION = YES;
				CLANG_WARN_INT_CONVERSION = YES;
				CLANG_WARN_NON_LITERAL_NULL_CONVERSION = YES;
				CLANG_WARN_OBJC_IMPLICIT_RETAIN_SELF = YES;
				CLANG_WARN_OBJC_LITERAL_CONVERSION = YES;
				CLANG_WARN_OBJC_ROOT_CLASS = YES_ERROR;
				CLANG_WARN_QUOTED_INCLUDE_IN_FRAMEWORK_HEADER = YES;
				CLANG_WARN_RANGE_LOOP_ANALYSIS = YES;
				CLANG_WARN_STRICT_PROTOTYPES = YES;
				CLANG_WARN_SUSPICIOUS_MOVE = YES;
				CLANG_WARN_UNGUARDED_AVAILABILITY = YES_AGGRESSIVE;
				CLANG_WARN_UNREACHABLE_CODE = YES;
				CLANG_WARN__DUPLICATE_METHOD_MATCH = YES;
				COPY_PHASE_STRIP = NO;
				DEBUG_INFORMATION_FORMAT = "dwarf-with-dsym";
				ENABLE_NS_ASSERTIONS = NO;
				ENABLE_STRICT_OBJC_MSGSEND = YES;
				GCC_C_LANGUAGE_STANDARD = gnu11;
				GCC_NO_COMMON_BLOCKS = YES;
				GCC_WARN_64_TO_32_BIT_CONVERSION = YES;
				GCC_WARN_ABOUT_RETURN_TYPE = YES_ERROR;
				GCC_WARN_UNDECLARED_SELECTOR = YES;
				GCC_WARN_UNINITIALIZED_AUTOS = YES_AGGRESSIVE;
				GCC_WARN_UNUSED_FUNCTION = YES;
				GCC_WARN_UNUSED_VARIABLE = YES;
				MACOSX_DEPLOYMENT_TARGET = 12.0;
				MTL_ENABLE_DEBUG_INFO = NO;
				MTL_FAST_MATH = YES;
				SDKROOT = macosx;
				SWIFT_COMPILATION_MODE = wholemodule;
				SWIFT_OPTIMIZATION_LEVEL = "-O";
			};
			name = Release;
		};
		862EF02F2764FB670073246B /* Debug */ = {
			isa = XCBuildConfiguration;
			buildSettings = {
				CODE_SIGN_ENTITLEMENTS = DDZ/DDZ.entitlements;
				CODE_SIGN_IDENTITY = "Apple Development";
				CODE_SIGN_STYLE = Automatic;
				DEVELOPMENT_TEAM = G7668ALM57;
				ENABLE_HARDENED_RUNTIME = YES;
				PRODUCT_BUNDLE_IDENTIFIER = com.zed.null.dz;
				PRODUCT_NAME = "$(TARGET_NAME)";
				PROVISIONING_PROFILE_SPECIFIER = "";
				SWIFT_VERSION = 5.0;
			};
			name = Debug;
		};
		862EF0302764FB670073246B /* Release */ = {
			isa = XCBuildConfiguration;
			buildSettings = {
				CODE_SIGN_ENTITLEMENTS = DDZ/DDZ.entitlements;
				CODE_SIGN_IDENTITY = "Apple Development";
				CODE_SIGN_STYLE = Automatic;
				DEVELOPMENT_TEAM = G7668ALM57;
				ENABLE_HARDENED_RUNTIME = YES;
				PRODUCT_BUNDLE_IDENTIFIER = com.zed.null.dz;
				PRODUCT_NAME = "$(TARGET_NAME)";
				SWIFT_VERSION = 5.0;
			};
			name = Release;
		};
/* End XCBuildConfiguration section */

/* Begin XCConfigurationList section */
		862EF0222764FB670073246B /* Build configuration list for PBXProject "DDZ" */ = {
			isa = XCConfigurationList;
			buildConfigurations = (
				862EF02C2764FB670073246B /* Debug */,
				862EF02D2764FB670073246B /* Release */,
			);
			defaultConfigurationIsVisible = 0;
			defaultConfigurationName = Release;
		};
		862EF02E2764FB670073246B /* Build configuration list for PBXNativeTarget "DDZ" */ = {
			isa = XCConfigurationList;
			buildConfigurations = (
				862EF02F2764FB670073246B /* Debug */,
				862EF0302764FB670073246B /* Release */,
			);
			defaultConfigurationIsVisible = 0;
			defaultConfigurationName = Release;
		};
/* End XCConfigurationList section */
	};
	rootObject = 862EF01F2764FB670073246B /* Project object */;
}
